PODS:
  - CocoaDebug (1.7.2)
  - Reveal-SDK (26)

DEPENDENCIES:
  - CocoaDebug (from `../../CocoaDebug`)
  - Reveal-SDK (= 26)

SPEC REPOS:
  https://github.com/CocoaPods/Specs.git:
    - Reveal-SDK

EXTERNAL SOURCES:
  CocoaDebug:
    :path: "../../CocoaDebug"

SPEC CHECKSUMS:
  CocoaDebug: 61cf93ada6ce8f3407507dc01f9b874d91ac1d5c
  Reveal-SDK: 5f94f14aff3d5f2a49f246edcd266fa4472679e9

PODFILE CHECKSUM: 4bd77a22e44c6168b4d95d6342588423ad9bfbaa

COCOAPODS: 1.11.3
